// !$*UTF8*$!
{
	archiveVersion = 1;
	classes = {
	};
	objectVersion = 55;
	objects = {

/* Begin PBXBuildFile section */
		E46E82272859B42000CD9E76 /* AppDelegate.swift in Sources */ = {isa = PBXBuildFile; fileRef = E46E82262859B42000CD9E76 /* AppDelegate.swift */; };
		E46E82292859B42000CD9E76 /* SceneDelegate.swift in Sources */ = {isa = PBXBuildFile; fileRef = E46E82282859B42000CD9E76 /* SceneDelegate.swift */; };
		E46E822B2859B42000CD9E76 /* ViewController.swift in Sources */ = {isa = PBXBuildFile; fileRef = E46E822A2859B42000CD9E76 /* ViewController.swift */; };
		E46E822E2859B42000CD9E76 /* Main.storyboard in Resources */ = {isa = PBXBuildFile; fileRef = E46E822C2859B42000CD9E76 /* Main.storyboard */; };
		E46E82302859B42200CD9E76 /* Assets.xcassets in Resources */ = {isa = PBXBuildFile; fileRef = E46E822F2859B42200CD9E76 /* Assets.xcassets */; };
		E46E82332859B42200CD9E76 /* LaunchScreen.storyboard in Resources */ = {isa = PBXBuildFile; fileRef = E46E82312859B42200CD9E76 /* LaunchScreen.storyboard */; };
		E46E823E2859B42300CD9E76 /* Crop_ImageTests.swift in Sources */ = {isa = PBXBuildFile; fileRef = E46E823D2859B42300CD9E76 /* Crop_ImageTests.swift */; };
		E46E82482859B42300CD9E76 /* Crop_ImageUITests.swift in Sources */ = {isa = PBXBuildFile; fileRef = E46E82472859B42300CD9E76 /* Crop_ImageUITests.swift */; };
		E46E824A2859B42300CD9E76 /* Crop_ImageUITestsLaunchTests.swift in Sources */ = {isa = PBXBuildFile; fileRef = E46E82492859B42300CD9E76 /* Crop_ImageUITestsLaunchTests.swift */; };
		E46E82572859CAC900CD9E76 /* UIImageExtension.swift in Sources */ = {isa = PBXBuildFile; fileRef = E46E82562859CAC900CD9E76 /* UIImageExtension.swift */; };
		E46E82592859D9AE00CD9E76 /* CroppingLayerView.swift in Sources */ = {isa = PBXBuildFile; fileRef = E46E82582859D9AE00CD9E76 /* CroppingLayerView.swift */; };
		E46E825D2859DBEB00CD9E76 /* EdgeIndicatorView.swift in Sources */ = {isa = PBXBuildFile; fileRef = E46E825C2859DBEB00CD9E76 /* EdgeIndicatorView.swift */; };
		E46E825F2859DBF900CD9E76 /* CornerIndicatorView.swift in Sources */ = {isa = PBXBuildFile; fileRef = E46E825E2859DBF900CD9E76 /* CornerIndicatorView.swift */; };
		E46E8262285C641200CD9E76 /* CroppedImageViewController.swift in Sources */ = {isa = PBXBuildFile; fileRef = E46E8260285C641200CD9E76 /* CroppedImageViewController.swift */; };
		E46E8263285C641200CD9E76 /* CroppedImageViewController.xib in Resources */ = {isa = PBXBuildFile; fileRef = E46E8261285C641200CD9E76 /* CroppedImageViewController.xib */; };
		E46E8265285C815F00CD9E76 /* UIImageViewExtension.swift in Sources */ = {isa = PBXBuildFile; fileRef = E46E8264285C815F00CD9E76 /* UIImageViewExtension.swift */; };
		E471D65228655B970016C7BD /* CroppingLayerBorderView.swift in Sources */ = {isa = PBXBuildFile; fileRef = E471D65128655B970016C7BD /* CroppingLayerBorderView.swift */; };
/* End PBXBuildFile section */

/* Begin PBXContainerItemProxy section */
		E46E823A2859B42300CD9E76 /* PBXContainerItemProxy */ = {
			isa = PBXContainerItemProxy;
			containerPortal = E46E821B2859B42000CD9E76 /* Project object */;
			proxyType = 1;
			remoteGlobalIDString = E46E82222859B42000CD9E76;
			remoteInfo = "Crop Image";
		};
		E46E82442859B42300CD9E76 /* PBXContainerItemProxy */ = {
			isa = PBXContainerItemProxy;
			containerPortal = E46E821B2859B42000CD9E76 /* Project object */;
			proxyType = 1;
			remoteGlobalIDString = E46E82222859B42000CD9E76;
			remoteInfo = "Crop Image";
		};
/* End PBXContainerItemProxy section */

/* Begin PBXFileReference section */
		E46E82232859B42000CD9E76 /* Crop Image.app */ = {isa = PBXFileReference; explicitFileType = wrapper.application; includeInIndex = 0; path = "Crop Image.app"; sourceTree = BUILT_PRODUCTS_DIR; };
		E46E82262859B42000CD9E76 /* AppDelegate.swift */ = {isa = PBXFileReference; lastKnownFileType = sourcecode.swift; path = AppDelegate.swift; sourceTree = "<group>"; };
		E46E82282859B42000CD9E76 /* SceneDelegate.swift */ = {isa = PBXFileReference; lastKnownFileType = sourcecode.swift; path = SceneDelegate.swift; sourceTree = "<group>"; };
		E46E822A2859B42000CD9E76 /* ViewController.swift */ = {isa = PBXFileReference; lastKnownFileType = sourcecode.swift; path = ViewController.swift; sourceTree = "<group>"; };
		E46E822D2859B42000CD9E76 /* Base */ = {isa = PBXFileReference; lastKnownFileType = file.storyboard; name = Base; path = Base.lproj/Main.storyboard; sourceTree = "<group>"; };
		E46E822F2859B42200CD9E76 /* Assets.xcassets */ = {isa = PBXFileReference; lastKnownFileType = folder.assetcatalog; path = Assets.xcassets; sourceTree = "<group>"; };
		E46E82322859B42200CD9E76 /* Base */ = {isa = PBXFileReference; lastKnownFileType = file.storyboard; name = Base; path = Base.lproj/LaunchScreen.storyboard; sourceTree = "<group>"; };
		E46E82342859B42200CD9E76 /* Info.plist */ = {isa = PBXFileReference; lastKnownFileType = text.plist.xml; path = Info.plist; sourceTree = "<group>"; };
		E46E82392859B42300CD9E76 /* Crop ImageTests.xctest */ = {isa = PBXFileReference; explicitFileType = wrapper.cfbundle; includeInIndex = 0; path = "Crop ImageTests.xctest"; sourceTree = BUILT_PRODUCTS_DIR; };
		E46E823D2859B42300CD9E76 /* Crop_ImageTests.swift */ = {isa = PBXFileReference; lastKnownFileType = sourcecode.swift; path = Crop_ImageTests.swift; sourceTree = "<group>"; };
		E46E82432859B42300CD9E76 /* Crop ImageUITests.xctest */ = {isa = PBXFileReference; explicitFileType = wrapper.cfbundle; includeInIndex = 0; path = "Crop ImageUITests.xctest"; sourceTree = BUILT_PRODUCTS_DIR; };
		E46E82472859B42300CD9E76 /* Crop_ImageUITests.swift */ = {isa = PBXFileReference; lastKnownFileType = sourcecode.swift; path = Crop_ImageUITests.swift; sourceTree = "<group>"; };
		E46E82492859B42300CD9E76 /* Crop_ImageUITestsLaunchTests.swift */ = {isa = PBXFileReference; lastKnownFileType = sourcecode.swift; path = Crop_ImageUITestsLaunchTests.swift; sourceTree = "<group>"; };
		E46E82562859CAC900CD9E76 /* UIImageExtension.swift */ = {isa = PBXFileReference; lastKnownFileType = sourcecode.swift; path = UIImageExtension.swift; sourceTree = "<group>"; };
		E46E82582859D9AE00CD9E76 /* CroppingLayerView.swift */ = {isa = PBXFileReference; lastKnownFileType = sourcecode.swift; path = CroppingLayerView.swift; sourceTree = "<group>"; };
		E46E825C2859DBEB00CD9E76 /* EdgeIndicatorView.swift */ = {isa = PBXFileReference; lastKnownFileType = sourcecode.swift; path = EdgeIndicatorView.swift; sourceTree = "<group>"; };
		E46E825E2859DBF900CD9E76 /* CornerIndicatorView.swift */ = {isa = PBXFileReference; lastKnownFileType = sourcecode.swift; path = CornerIndicatorView.swift; sourceTree = "<group>"; };
		E46E8260285C641200CD9E76 /* CroppedImageViewController.swift */ = {isa = PBXFileReference; lastKnownFileType = sourcecode.swift; path = CroppedImageViewController.swift; sourceTree = "<group>"; };
		E46E8261285C641200CD9E76 /* CroppedImageViewController.xib */ = {isa = PBXFileReference; lastKnownFileType = file.xib; path = CroppedImageViewController.xib; sourceTree = "<group>"; };
		E46E8264285C815F00CD9E76 /* UIImageViewExtension.swift */ = {isa = PBXFileReference; lastKnownFileType = sourcecode.swift; path = UIImageViewExtension.swift; sourceTree = "<group>"; };
		E471D65128655B970016C7BD /* CroppingLayerBorderView.swift */ = {isa = PBXFileReference; lastKnownFileType = sourcecode.swift; path = CroppingLayerBorderView.swift; sourceTree = "<group>"; };
/* End PBXFileReference section */

/* Begin PBXFrameworksBuildPhase section */
		E46E82202859B42000CD9E76 /* Frameworks */ = {
			isa = PBXFrameworksBuildPhase;
			buildActionMask = 2147483647;
			files = (
			);
			runOnlyForDeploymentPostprocessing = 0;
		};
		E46E82362859B42300CD9E76 /* Frameworks */ = {
			isa = PBXFrameworksBuildPhase;
			buildActionMask = 2147483647;
			files = (
			);
			runOnlyForDeploymentPostprocessing = 0;
		};
		E46E82402859B42300CD9E76 /* Frameworks */ = {
			isa = PBXFrameworksBuildPhase;
			buildActionMask = 2147483647;
			files = (
			);
			runOnlyForDeploymentPostprocessing = 0;
		};
/* End PBXFrameworksBuildPhase section */

/* Begin PBXGroup section */
		E46E821A2859B42000CD9E76 = {
			isa = PBXGroup;
			children = (
				E46E82252859B42000CD9E76 /* Crop Image */,
				E46E823C2859B42300CD9E76 /* Crop ImageTests */,
				E46E82462859B42300CD9E76 /* Crop ImageUITests */,
				E46E82242859B42000CD9E76 /* Products */,
			);
			sourceTree = "<group>";
		};
		E46E82242859B42000CD9E76 /* Products */ = {
			isa = PBXGroup;
			children = (
				E46E82232859B42000CD9E76 /* Crop Image.app */,
				E46E82392859B42300CD9E76 /* Crop ImageTests.xctest */,
				E46E82432859B42300CD9E76 /* Crop ImageUITests.xctest */,
			);
			name = Products;
			sourceTree = "<group>";
		};
		E46E82252859B42000CD9E76 /* Crop Image */ = {
			isa = PBXGroup;
			children = (
				E46E82262859B42000CD9E76 /* AppDelegate.swift */,
				E46E82282859B42000CD9E76 /* SceneDelegate.swift */,
				E46E822A2859B42000CD9E76 /* ViewController.swift */,
				E46E822C2859B42000CD9E76 /* Main.storyboard */,
				E46E82562859CAC900CD9E76 /* UIImageExtension.swift */,
				E46E8264285C815F00CD9E76 /* UIImageViewExtension.swift */,
				E471D65128655B970016C7BD /* CroppingLayerBorderView.swift */,
				E46E82582859D9AE00CD9E76 /* CroppingLayerView.swift */,
				E46E825C2859DBEB00CD9E76 /* EdgeIndicatorView.swift */,
				E46E825E2859DBF900CD9E76 /* CornerIndicatorView.swift */,
				E46E8260285C641200CD9E76 /* CroppedImageViewController.swift */,
				E46E8261285C641200CD9E76 /* CroppedImageViewController.xib */,
				E46E822F2859B42200CD9E76 /* Assets.xcassets */,
				E46E82312859B42200CD9E76 /* LaunchScreen.storyboard */,
				E46E82342859B42200CD9E76 /* Info.plist */,
			);
			path = "Crop Image";
			sourceTree = "<group>";
		};
		E46E823C2859B42300CD9E76 /* Crop ImageTests */ = {
			isa = PBXGroup;
			children = (
				E46E823D2859B42300CD9E76 /* Crop_ImageTests.swift */,
			);
			path = "Crop ImageTests";
			sourceTree = "<group>";
		};
		E46E82462859B42300CD9E76 /* Crop ImageUITests */ = {
			isa = PBXGroup;
			children = (
				E46E82472859B42300CD9E76 /* Crop_ImageUITests.swift */,
				E46E82492859B42300CD9E76 /* Crop_ImageUITestsLaunchTests.swift */,
			);
			path = "Crop ImageUITests";
			sourceTree = "<group>";
		};
/* End PBXGroup section */

/* Begin PBXNativeTarget section */
		E46E82222859B42000CD9E76 /* Crop Image */ = {
			isa = PBXNativeTarget;
			buildConfigurationList = E46E824D2859B42300CD9E76 /* Build configuration list for PBXNativeTarget "Crop Image" */;
			buildPhases = (
				E46E821F2859B42000CD9E76 /* Sources */,
				E46E82202859B42000CD9E76 /* Frameworks */,
				E46E82212859B42000CD9E76 /* Resources */,
			);
			buildRules = (
			);
			dependencies = (
			);
			name = "Crop Image";
			productName = "Crop Image";
			productReference = E46E82232859B42000CD9E76 /* Crop Image.app */;
			productType = "com.apple.product-type.application";
		};
		E46E82382859B42300CD9E76 /* Crop ImageTests */ = {
			isa = PBXNativeTarget;
			buildConfigurationList = E46E82502859B42300CD9E76 /* Build configuration list for PBXNativeTarget "Crop ImageTests" */;
			buildPhases = (
				E46E82352859B42300CD9E76 /* Sources */,
				E46E82362859B42300CD9E76 /* Frameworks */,
				E46E82372859B42300CD9E76 /* Resources */,
			);
			buildRules = (
			);
			dependencies = (
				E46E823B2859B42300CD9E76 /* PBXTargetDependency */,
			);
			name = "Crop ImageTests";
			productName = "Crop ImageTests";
			productReference = E46E82392859B42300CD9E76 /* Crop ImageTests.xctest */;
			productType = "com.apple.product-type.bundle.unit-test";
		};
		E46E82422859B42300CD9E76 /* Crop ImageUITests */ = {
			isa = PBXNativeTarget;
			buildConfigurationList = E46E82532859B42300CD9E76 /* Build configuration list for PBXNativeTarget "Crop ImageUITests" */;
			buildPhases = (
				E46E823F2859B42300CD9E76 /* Sources */,
				E46E82402859B42300CD9E76 /* Frameworks */,
				E46E82412859B42300CD9E76 /* Resources */,
			);
			buildRules = (
			);
			dependencies = (
				E46E82452859B42300CD9E76 /* PBXTargetDependency */,
			);
			name = "Crop ImageUITests";
			productName = "Crop ImageUITests";
			productReference = E46E82432859B42300CD9E76 /* Crop ImageUITests.xctest */;
			productType = "com.apple.product-type.bundle.ui-testing";
		};
/* End PBXNativeTarget section */

/* Begin PBXProject section */
		E46E821B2859B42000CD9E76 /* Project object */ = {
			isa = PBXProject;
			attributes = {
				BuildIndependentTargetsInParallel = 1;
				LastSwiftUpdateCheck = 1340;
				LastUpgradeCheck = 1340;
				TargetAttributes = {
					E46E82222859B42000CD9E76 = {
						CreatedOnToolsVersion = 13.4.1;
					};
					E46E82382859B42300CD9E76 = {
						CreatedOnToolsVersion = 13.4.1;
						TestTargetID = E46E82222859B42000CD9E76;
					};
					E46E82422859B42300CD9E76 = {
						CreatedOnToolsVersion = 13.4.1;
						TestTargetID = E46E82222859B42000CD9E76;
					};
				};
			};
			buildConfigurationList = E46E821E2859B42000CD9E76 /* Build configuration list for PBXProject "Crop Image" */;
			compatibilityVersion = "Xcode 13.0";
			developmentRegion = en;
			hasScannedForEncodings = 0;
			knownRegions = (
				en,
				Base,
			);
			mainGroup = E46E821A2859B42000CD9E76;
			productRefGroup = E46E82242859B42000CD9E76 /* Products */;
			projectDirPath = "";
			projectRoot = "";
			targets = (
				E46E82222859B42000CD9E76 /* Crop Image */,
				E46E82382859B42300CD9E76 /* Crop ImageTests */,
				E46E82422859B42300CD9E76 /* Crop ImageUITests */,
			);
		};
/* End PBXProject section */

/* Begin PBXResourcesBuildPhase section */
		E46E82212859B42000CD9E76 /* Resources */ = {
			isa = PBXResourcesBuildPhase;
			buildActionMask = 2147483647;
			files = (
				E46E82332859B42200CD9E76 /* LaunchScreen.storyboard in Resources */,
				E46E82302859B42200CD9E76 /* Assets.xcassets in Resources */,
				E46E822E2859B42000CD9E76 /* Main.storyboard in Resources */,
				E46E8263285C641200CD9E76 /* CroppedImageViewController.xib in Resources */,
			);
			runOnlyForDeploymentPostprocessing = 0;
		};
		E46E82372859B42300CD9E76 /* Resources */ = {
			isa = PBXResourcesBuildPhase;
			buildActionMask = 2147483647;
			files = (
			);
			runOnlyForDeploymentPostprocessing = 0;
		};
		E46E82412859B42300CD9E76 /* Resources */ = {
			isa = PBXResourcesBuildPhase;
			buildActionMask = 2147483647;
			files = (
			);
			runOnlyForDeploymentPostprocessing = 0;
		};
/* End PBXResourcesBuildPhase section */

/* Begin PBXSourcesBuildPhase section */
		E46E821F2859B42000CD9E76 /* Sources */ = {
			isa = PBXSourcesBuildPhase;
			buildActionMask = 2147483647;
			files = (
				E46E82592859D9AE00CD9E76 /* CroppingLayerView.swift in Sources */,
				E46E825D2859DBEB00CD9E76 /* EdgeIndicatorView.swift in Sources */,
				E471D65228655B970016C7BD /* CroppingLayerBorderView.swift in Sources */,
				E46E822B2859B42000CD9E76 /* ViewController.swift in Sources */,
				E46E82272859B42000CD9E76 /* AppDelegate.swift in Sources */,
				E46E8262285C641200CD9E76 /* CroppedImageViewController.swift in Sources */,
				E46E8265285C815F00CD9E76 /* UIImageViewExtension.swift in Sources */,
				E46E825F2859DBF900CD9E76 /* CornerIndicatorView.swift in Sources */,
				E46E82292859B42000CD9E76 /* SceneDelegate.swift in Sources */,
				E46E82572859CAC900CD9E76 /* UIImageExtension.swift in Sources */,
			);
			runOnlyForDeploymentPostprocessing = 0;
		};
		E46E82352859B42300CD9E76 /* Sources */ = {
			isa = PBXSourcesBuildPhase;
			buildActionMask = 2147483647;
			files = (
				E46E823E2859B42300CD9E76 /* Crop_ImageTests.swift in Sources */,
			);
			runOnlyForDeploymentPostprocessing = 0;
		};
		E46E823F2859B42300CD9E76 /* Sources */ = {
			isa = PBXSourcesBuildPhase;
			buildActionMask = 2147483647;
			files = (
				E46E824A2859B42300CD9E76 /* Crop_ImageUITestsLaunchTests.swift in Sources */,
				E46E82482859B42300CD9E76 /* Crop_ImageUITests.swift in Sources */,
			);
			runOnlyForDeploymentPostprocessing = 0;
		};
/* End PBXSourcesBuildPhase section */

/* Begin PBXTargetDependency section */
		E46E823B2859B42300CD9E76 /* PBXTargetDependency */ = {
			isa = PBXTargetDependency;
			target = E46E82222859B42000CD9E76 /* Crop Image */;
			targetProxy = E46E823A2859B42300CD9E76 /* PBXContainerItemProxy */;
		};
		E46E82452859B42300CD9E76 /* PBXTargetDependency */ = {
			isa = PBXTargetDependency;
			target = E46E82222859B42000CD9E76 /* Crop Image */;
			targetProxy = E46E82442859B42300CD9E76 /* PBXContainerItemProxy */;
		};
/* End PBXTargetDependency section */

/* Begin PBXVariantGroup section */
		E46E822C2859B42000CD9E76 /* Main.storyboard */ = {
			isa = PBXVariantGroup;
			children = (
				E46E822D2859B42000CD9E76 /* Base */,
			);
			name = Main.storyboard;
			sourceTree = "<group>";
		};
		E46E82312859B42200CD9E76 /* LaunchScreen.storyboard */ = {
			isa = PBXVariantGroup;
			children = (
				E46E82322859B42200CD9E76 /* Base */,
			);
			name = LaunchScreen.storyboard;
			sourceTree = "<group>";
		};
/* End PBXVariantGroup section */

/* Begin XCBuildConfiguration section */
		E46E824B2859B42300CD9E76 /* Debug */ = {
			isa = XCBuildConfiguration;
			buildSettings = {
				ALWAYS_SEARCH_USER_PATHS = NO;
				CLANG_ANALYZER_NONNULL = YES;
				CLANG_ANALYZER_NUMBER_OBJECT_CONVERSION = YES_AGGRESSIVE;
				CLANG_CXX_LANGUAGE_STANDARD = "gnu++17";
				CLANG_ENABLE_MODULES = YES;
				CLANG_ENABLE_OBJC_ARC = YES;
				CLANG_ENABLE_OBJC_WEAK = YES;
				CLANG_WARN_BLOCK_CAPTURE_AUTORELEASING = YES;
				CLANG_WARN_BOOL_CONVERSION = YES;
				CLANG_WARN_COMMA = YES;
				CLANG_WARN_CONSTANT_CONVERSION = YES;
				CLANG_WARN_DEPRECATED_OBJC_IMPLEMENTATIONS = YES;
				CLANG_WARN_DIRECT_OBJC_ISA_USAGE = YES_ERROR;
				CLANG_WARN_DOCUMENTATION_COMMENTS = YES;
				CLANG_WARN_EMPTY_BODY = YES;
				CLANG_WARN_ENUM_CONVERSION = YES;
				CLANG_WARN_INFINITE_RECURSION = YES;
				CLANG_WARN_INT_CONVERSION = YES;
				CLANG_WARN_NON_LITERAL_NULL_CONVERSION = YES;
				CLANG_WARN_OBJC_IMPLICIT_RETAIN_SELF = YES;
				CLANG_WARN_OBJC_LITERAL_CONVERSION = YES;
				CLANG_WARN_OBJC_ROOT_CLASS = YES_ERROR;
				CLANG_WARN_QUOTED_INCLUDE_IN_FRAMEWORK_HEADER = YES;
				CLANG_WARN_RANGE_LOOP_ANALYSIS = YES;
				CLANG_WARN_STRICT_PROTOTYPES = YES;
				CLANG_WARN_SUSPICIOUS_MOVE = YES;
				CLANG_WARN_UNGUARDED_AVAILABILITY = YES_AGGRESSIVE;
				CLANG_WARN_UNREACHABLE_CODE = YES;
				CLANG_WARN__DUPLICATE_METHOD_MATCH = YES;
				COPY_PHASE_STRIP = NO;
				DEBUG_INFORMATION_FORMAT = dwarf;
				ENABLE_STRICT_OBJC_MSGSEND = YES;
				ENABLE_TESTABILITY = YES;
				GCC_C_LANGUAGE_STANDARD = gnu11;
				GCC_DYNAMIC_NO_PIC = NO;
				GCC_NO_COMMON_BLOCKS = YES;
				GCC_OPTIMIZATION_LEVEL = 0;
				GCC_PREPROCESSOR_DEFINITIONS = (
					"DEBUG=1",
					"$(inherited)",
				);
				GCC_WARN_64_TO_32_BIT_CONVERSION = YES;
				GCC_WARN_ABOUT_RETURN_TYPE = YES_ERROR;
				GCC_WARN_UNDECLARED_SELECTOR = YES;
				GCC_WARN_UNINITIALIZED_AUTOS = YES_AGGRESSIVE;
				GCC_WARN_UNUSED_FUNCTION = YES;
				GCC_WARN_UNUSED_VARIABLE = YES;
				IPHONEOS_DEPLOYMENT_TARGET = 15.5;
				MTL_ENABLE_DEBUG_INFO = INCLUDE_SOURCE;
				MTL_FAST_MATH = YES;
				ONLY_ACTIVE_ARCH = YES;
				SDKROOT = iphoneos;
				SWIFT_ACTIVE_COMPILATION_CONDITIONS = DEBUG;
				SWIFT_OPTIMIZATION_LEVEL = "-Onone";
			};
			name = Debug;
		};
		E46E824C2859B42300CD9E76 /* Release */ = {
			isa = XCBuildConfiguration;
			buildSettings = {
				ALWAYS_SEARCH_USER_PATHS = NO;
				CLANG_ANALYZER_NONNULL = YES;
				CLANG_ANALYZER_NUMBER_OBJECT_CONVERSION = YES_AGGRESSIVE;
				CLANG_CXX_LANGUAGE_STANDARD = "gnu++17";
				CLANG_ENABLE_MODULES = YES;
				CLANG_ENABLE_OBJC_ARC = YES;
				CLANG_ENABLE_OBJC_WEAK = YES;
				CLANG_WARN_BLOCK_CAPTURE_AUTORELEASING = YES;
				CLANG_WARN_BOOL_CONVERSION = YES;
				CLANG_WARN_COMMA = YES;
				CLANG_WARN_CONSTANT_CONVERSION = YES;
				CLANG_WARN_DEPRECATED_OBJC_IMPLEMENTATIONS = YES;
				CLANG_WARN_DIRECT_OBJC_ISA_USAGE = YES_ERROR;
				CLANG_WARN_DOCUMENTATION_COMMENTS = YES;
				CLANG_WARN_EMPTY_BODY = YES;
				CLANG_WARN_ENUM_CONVERSION = YES;
				CLANG_WARN_INFINITE_RECURSION = YES;
				CLANG_WARN_INT_CONVERSION = YES;
				CLANG_WARN_NON_LITERAL_NULL_CONVERSION = YES;
				CLANG_WARN_OBJC_IMPLICIT_RETAIN_SELF = YES;
				CLANG_WARN_OBJC_LITERAL_CONVERSION = YES;
				CLANG_WARN_OBJC_ROOT_CLASS = YES_ERROR;
				CLANG_WARN_QUOTED_INCLUDE_IN_FRAMEWORK_HEADER = YES;
				CLANG_WARN_RANGE_LOOP_ANALYSIS = YES;
				CLANG_WARN_STRICT_PROTOTYPES = YES;
				CLANG_WARN_SUSPICIOUS_MOVE = YES;
				CLANG_WARN_UNGUARDED_AVAILABILITY = YES_AGGRESSIVE;
				CLANG_WARN_UNREACHABLE_CODE = YES;
				CLANG_WARN__DUPLICATE_METHOD_MATCH = YES;
				COPY_PHASE_STRIP = NO;
				DEBUG_INFORMATION_FORMAT = "dwarf-with-dsym";
				ENABLE_NS_ASSERTIONS = NO;
				ENABLE_STRICT_OBJC_MSGSEND = YES;
				GCC_C_LANGUAGE_STANDARD = gnu11;
				GCC_NO_COMMON_BLOCKS = YES;
				GCC_WARN_64_TO_32_BIT_CONVERSION = YES;
				GCC_WARN_ABOUT_RETURN_TYPE = YES_ERROR;
				GCC_WARN_UNDECLARED_SELECTOR = YES;
				GCC_WARN_UNINITIALIZED_AUTOS = YES_AGGRESSIVE;
				GCC_WARN_UNUSED_FUNCTION = YES;
				GCC_WARN_UNUSED_VARIABLE = YES;
				IPHONEOS_DEPLOYMENT_TARGET = 15.5;
				MTL_ENABLE_DEBUG_INFO = NO;
				MTL_FAST_MATH = YES;
				SDKROOT = iphoneos;
				SWIFT_COMPILATION_MODE = wholemodule;
				SWIFT_OPTIMIZATION_LEVEL = "-O";
				VALIDATE_PRODUCT = YES;
			};
			name = Release;
		};
		E46E824E2859B42300CD9E76 /* Debug */ = {
			isa = XCBuildConfiguration;
			buildSettings = {
				ASSETCATALOG_COMPILER_APPICON_NAME = AppIcon;
				ASSETCATALOG_COMPILER_GLOBAL_ACCENT_COLOR_NAME = AccentColor;
				CODE_SIGN_STYLE = Automatic;
				CURRENT_PROJECT_VERSION = 1;
				DEVELOPMENT_TEAM = PUYQHMK4MF;
				GENERATE_INFOPLIST_FILE = YES;
				INFOPLIST_FILE = "Crop Image/Info.plist";
				INFOPLIST_KEY_NSPhotoLibraryAddUsageDescription = "This app require access to Photos Library to get & save images";
				INFOPLIST_KEY_NSPhotoLibraryUsageDescription = "This application requires access to Photo's Library";
				INFOPLIST_KEY_UIApplicationSupportsIndirectInputEvents = YES;
				INFOPLIST_KEY_UILaunchStoryboardName = LaunchScreen;
				INFOPLIST_KEY_UIMainStoryboardFile = Main;
				INFOPLIST_KEY_UISupportedInterfaceOrientations_iPad = "UIInterfaceOrientationPortrait UIInterfaceOrientationPortraitUpsideDown UIInterfaceOrientationLandscapeLeft UIInterfaceOrientationLandscapeRight";
				INFOPLIST_KEY_UISupportedInterfaceOrientations_iPhone = "UIInterfaceOrientationPortrait UIInterfaceOrientationLandscapeLeft UIInterfaceOrientationLandscapeRight";
				LD_RUNPATH_SEARCH_PATHS = (
					"$(inherited)",
					"@executable_path/Frameworks",
				);
				MARKETING_VERSION = 1.0;
				PRODUCT_BUNDLE_IDENTIFIER = "com.mycompany.Crop-Image";
				PRODUCT_NAME = "$(TARGET_NAME)";
				SWIFT_EMIT_LOC_STRINGS = YES;
				SWIFT_VERSION = 5.0;
				TARGETED_DEVICE_FAMILY = "1,2";
			};
			name = Debug;
		};
		E46E824F2859B42300CD9E76 /* Release */ = {
			isa = XCBuildConfiguration;
			buildSettings = {
				ASSETCATALOG_COMPILER_APPICON_NAME = AppIcon;
				ASSETCATALOG_COMPILER_GLOBAL_ACCENT_COLOR_NAME = AccentColor;
				CODE_SIGN_STYLE = Automatic;
				CURRENT_PROJECT_VERSION = 1;
				DEVELOPMENT_TEAM = PUYQHMK4MF;
				GENERATE_INFOPLIST_FILE = YES;
				INFOPLIST_FILE = "Crop Image/Info.plist";
				INFOPLIST_KEY_NSPhotoLibraryAddUsageDescription = "This app require access to Photos Library to get & save images";
				INFOPLIST_KEY_NSPhotoLibraryUsageDescription = "This application requires access to Photo's Library";
				INFOPLIST_KEY_UIApplicationSupportsIndirectInputEvents = YES;
				INFOPLIST_KEY_UILaunchStoryboardName = LaunchScreen;
				INFOPLIST_KEY_UIMainStoryboardFile = Main;
				INFOPLIST_KEY_UISupportedInterfaceOrientations_iPad = "UIInterfaceOrientationPortrait UIInterfaceOrientationPortraitUpsideDown UIInterfaceOrientationLandscapeLeft UIInterfaceOrientationLandscapeRight";
				INFOPLIST_KEY_UISupportedInterfaceOrientations_iPhone = "UIInterfaceOrientationPortrait UIInterfaceOrientationLandscapeLeft UIInterfaceOrientationLandscapeRight";
				LD_RUNPATH_SEARCH_PATHS = (
					"$(inherited)",
					"@executable_path/Frameworks",
				);
				MARKETING_VERSION = 1.0;
				PRODUCT_BUNDLE_IDENTIFIER = "com.mycompany.Crop-Image";
				PRODUCT_NAME = "$(TARGET_NAME)";
				SWIFT_EMIT_LOC_STRINGS = YES;
				SWIFT_VERSION = 5.0;
				TARGETED_DEVICE_FAMILY = "1,2";
			};
			name = Release;
		};
		E46E82512859B42300CD9E76 /* Debug */ = {
			isa = XCBuildConfiguration;
			buildSettings = {
				ALWAYS_EMBED_SWIFT_STANDARD_LIBRARIES = YES;
				BUNDLE_LOADER = "$(TEST_HOST)";
				CODE_SIGN_STYLE = Automatic;
				CURRENT_PROJECT_VERSION = 1;
				DEVELOPMENT_TEAM = PUYQHMK4MF;
				GENERATE_INFOPLIST_FILE = YES;
				IPHONEOS_DEPLOYMENT_TARGET = 15.5;
				MARKETING_VERSION = 1.0;
				PRODUCT_BUNDLE_IDENTIFIER = "com.mycompany.Crop-ImageTests";
				PRODUCT_NAME = "$(TARGET_NAME)";
				SWIFT_EMIT_LOC_STRINGS = NO;
				SWIFT_VERSION = 5.0;
				TARGETED_DEVICE_FAMILY = "1,2";
				TEST_HOST = "$(BUILT_PRODUCTS_DIR)/Crop Image.app/Crop Image";
			};
			name = Debug;
		};
		E46E82522859B42300CD9E76 /* Release */ = {
			isa = XCBuildConfiguration;
			buildSettings = {
				ALWAYS_EMBED_SWIFT_STANDARD_LIBRARIES = YES;
				BUNDLE_LOADER = "$(TEST_HOST)";
				CODE_SIGN_STYLE = Automatic;
				CURRENT_PROJECT_VERSION = 1;
				DEVELOPMENT_TEAM = PUYQHMK4MF;
				GENERATE_INFOPLIST_FILE = YES;
				IPHONEOS_DEPLOYMENT_TARGET = 15.5;
				MARKETING_VERSION = 1.0;
				PRODUCT_BUNDLE_IDENTIFIER = "com.mycompany.Crop-ImageTests";
				PRODUCT_NAME = "$(TARGET_NAME)";
				SWIFT_EMIT_LOC_STRINGS = NO;
				SWIFT_VERSION = 5.0;
				TARGETED_DEVICE_FAMILY = "1,2";
				TEST_HOST = "$(BUILT_PRODUCTS_DIR)/Crop Image.app/Crop Image";
			};
			name = Release;
		};
		E46E82542859B42300CD9E76 /* Debug */ = {
			isa = XCBuildConfiguration;
			buildSettings = {
				ALWAYS_EMBED_SWIFT_STANDARD_LIBRARIES = YES;
				CODE_SIGN_STYLE = Automatic;
				CURRENT_PROJECT_VERSION = 1;
				DEVELOPMENT_TEAM = PUYQHMK4MF;
				GENERATE_INFOPLIST_FILE = YES;
				MARKETING_VERSION = 1.0;
				PRODUCT_BUNDLE_IDENTIFIER = "com.mycompany.Crop-ImageUITests";
				PRODUCT_NAME = "$(TARGET_NAME)";
				SWIFT_EMIT_LOC_STRINGS = NO;
				SWIFT_VERSION = 5.0;
				TARGETED_DEVICE_FAMILY = "1,2";
				TEST_TARGET_NAME = "Crop Image";
			};
			name = Debug;
		};
		E46E82552859B42300CD9E76 /* Release */ = {
			isa = XCBuildConfiguration;
			buildSettings = {
				ALWAYS_EMBED_SWIFT_STANDARD_LIBRARIES = YES;
				CODE_SIGN_STYLE = Automatic;
				CURRENT_PROJECT_VERSION = 1;
				DEVELOPMENT_TEAM = PUYQHMK4MF;
				GENERATE_INFOPLIST_FILE = YES;
				MARKETING_VERSION = 1.0;
				PRODUCT_BUNDLE_IDENTIFIER = "com.mycompany.Crop-ImageUITests";
				PRODUCT_NAME = "$(TARGET_NAME)";
				SWIFT_EMIT_LOC_STRINGS = NO;
				SWIFT_VERSION = 5.0;
				TARGETED_DEVICE_FAMILY = "1,2";
				TEST_TARGET_NAME = "Crop Image";
			};
			name = Release;
		};
/* End XCBuildConfiguration section */

/* Begin XCConfigurationList section */
		E46E821E2859B42000CD9E76 /* Build configuration list for PBXProject "Crop Image" */ = {
			isa = XCConfigurationList;
			buildConfigurations = (
				E46E824B2859B42300CD9E76 /* Debug */,
				E46E824C2859B42300CD9E76 /* Release */,
			);
			defaultConfigurationIsVisible = 0;
			defaultConfigurationName = Release;
		};
		E46E824D2859B42300CD9E76 /* Build configuration list for PBXNativeTarget "Crop Image" */ = {
			isa = XCConfigurationList;
			buildConfigurations = (
				E46E824E2859B42300CD9E76 /* Debug */,
				E46E824F2859B42300CD9E76 /* Release */,
			);
			defaultConfigurationIsVisible = 0;
			defaultConfigurationName = Release;
		};
		E46E82502859B42300CD9E76 /* Build configuration list for PBXNativeTarget "Crop ImageTests" */ = {
			isa = XCConfigurationList;
			buildConfigurations = (
				E46E82512859B42300CD9E76 /* Debug */,
				E46E82522859B42300CD9E76 /* Release */,
			);
			defaultConfigurationIsVisible = 0;
			defaultConfigurationName = Release;
		};
		E46E82532859B42300CD9E76 /* Build configuration list for PBXNativeTarget "Crop ImageUITests" */ = {
			isa = XCConfigurationList;
			buildConfigurations = (
				E46E82542859B42300CD9E76 /* Debug */,
				E46E82552859B42300CD9E76 /* Release */,
			);
			defaultConfigurationIsVisible = 0;
			defaultConfigurationName = Release;
		};
/* End XCConfigurationList section */
	};
	rootObject = E46E821B2859B42000CD9E76 /* Project object */;
}
